
Microsoft Visual Studio Solution File, Format Version 12.00
# Visual Studio Version 16
VisualStudioVersion = 16.0.31321.278
MinimumVisualStudioVersion = 10.0.40219.1
Project("{2150E333-8FDC-42A3-9474-1A3956D46DE8}") = "src", "src", "{37CE3F56-0927-4A75-9BDD-38236BC507DF}"
EndProject
Project("{9A19103F-16F7-4668-BE54-9A1E7A4F7556}") = "LetterboxPuzzle.Framework", "src\LetterboxPuzzle.Framework\LetterboxPuzzle.Framework.csproj", "{5B1AEEF6-6B65-4B49-ABC9-2DC3CC93D41A}"
EndProject
Project("{2150E333-8FDC-42A3-9474-1A3956D46DE8}") = "Solution Items", "Solution Items", "{2BD105F9-F9F8-47D2-A53F-E415E2E9BEDA}"
	ProjectSection(SolutionItems) = preProject
		.gitignore = .gitignore
		LetterboxPuzzle.sln.DotSettings = LetterboxPuzzle.sln.DotSettings
		LetterboxPuzzle.StyleCop.json = LetterboxPuzzle.StyleCop.json
		LICENSE = LICENSE
		README.md = README.md
	EndProjectSection
EndProject
Project("{2150E333-8FDC-42A3-9474-1A3956D46DE8}") = "tests", "tests", "{41D09642-8A06-4BB1-BCED-C59565F52EAD}"
EndProject
Project("{FAE04EC0-301F-11D3-BF4B-00C04F79EFBC}") = "LetterboxPuzzle.Framework.Tests.Unit", "tests\LetterboxPuzzle.Framework.Tests.Unit\LetterboxPuzzle.Framework.Tests.Unit.csproj", "{82E3D60F-9C49-4041-8657-F65CD5A80891}"
EndProject
Global
	GlobalSection(SolutionConfigurationPlatforms) = preSolution
		Debug|Any CPU = Debug|Any CPU
		Release|Any CPU = Release|Any CPU
	EndGlobalSection
	GlobalSection(ProjectConfigurationPlatforms) = postSolution
		{5B1AEEF6-6B65-4B49-ABC9-2DC3CC93D41A}.Debug|Any CPU.ActiveCfg = Debug|Any CPU
		{5B1AEEF6-6B65-4B49-ABC9-2DC3CC93D41A}.Debug|Any CPU.Build.0 = Debug|Any CPU
		{5B1AEEF6-6B65-4B49-ABC9-2DC3CC93D41A}.Release|Any CPU.ActiveCfg = Release|Any CPU
		{5B1AEEF6-6B65-4B49-ABC9-2DC3CC93D41A}.Release|Any CPU.Build.0 = Release|Any CPU
		{82E3D60F-9C49-4041-8657-F65CD5A80891}.Debug|Any CPU.ActiveCfg = Debug|Any CPU
		{82E3D60F-9C49-4041-8657-F65CD5A80891}.Debug|Any CPU.Build.0 = Debug|Any CPU
		{82E3D60F-9C49-4041-8657-F65CD5A80891}.Release|Any CPU.ActiveCfg = Release|Any CPU
		{82E3D60F-9C49-4041-8657-F65CD5A80891}.Release|Any CPU.Build.0 = Release|Any CPU
	EndGlobalSection
	GlobalSection(SolutionProperties) = preSolution
		HideSolutionNode = FALSE
	EndGlobalSection
	GlobalSection(NestedProjects) = preSolution
		{5B1AEEF6-6B65-4B49-ABC9-2DC3CC93D41A} = {37CE3F56-0927-4A75-9BDD-38236BC507DF}
		{82E3D60F-9C49-4041-8657-F65CD5A80891} = {41D09642-8A06-4BB1-BCED-C59565F52EAD}
	EndGlobalSection
	GlobalSection(ExtensibilityGlobals) = postSolution
		SolutionGuid = {D031383D-1CD4-49E8-B1DC-385A3BC953E5}
	EndGlobalSection
EndGlobal
